// !$*UTF8*$!
{
	archiveVersion = 1;
	classes = {
	};
	objectVersion = 50;
	objects = {

/* Begin PBXBuildFile section */
		BF5162572086E9C200A03BB0 /* AppDelegate.swift in Sources */ = {isa = PBXBuildFile; fileRef = BF5162562086E9C200A03BB0 /* AppDelegate.swift */; };
		BF5162592086E9C200A03BB0 /* ViewController.swift in Sources */ = {isa = PBXBuildFile; fileRef = BF5162582086E9C200A03BB0 /* ViewController.swift */; };
		BF51625C2086E9C200A03BB0 /* Main.storyboard in Resources */ = {isa = PBXBuildFile; fileRef = BF51625A2086E9C200A03BB0 /* Main.storyboard */; };
		BF51625E2086E9C300A03BB0 /* Assets.xcassets in Resources */ = {isa = PBXBuildFile; fileRef = BF51625D2086E9C300A03BB0 /* Assets.xcassets */; };
		BF5162612086E9C300A03BB0 /* LaunchScreen.storyboard in Resources */ = {isa = PBXBuildFile; fileRef = BF51625F2086E9C300A03BB0 /* LaunchScreen.storyboard */; };
		BF51626C2086E9C400A03BB0 /* ChangeAppIconTests.swift in Sources */ = {isa = PBXBuildFile; fileRef = BF51626B2086E9C400A03BB0 /* ChangeAppIconTests.swift */; };
		BF5162772086E9C400A03BB0 /* ChangeAppIconUITests.swift in Sources */ = {isa = PBXBuildFile; fileRef = BF5162762086E9C400A03BB0 /* ChangeAppIconUITests.swift */; };
		BF51629820870B4200A03BB0 /* github-green@3x.png in Resources */ = {isa = PBXBuildFile; fileRef = BF51629220870B4200A03BB0 /* github-green@3x.png */; };
		BF51629920870B4200A03BB0 /* github-pink@2x.png in Resources */ = {isa = PBXBuildFile; fileRef = BF51629320870B4200A03BB0 /* github-pink@2x.png */; };
		BF51629A20870B4200A03BB0 /* github-pink@3x.png in Resources */ = {isa = PBXBuildFile; fileRef = BF51629420870B4200A03BB0 /* github-pink@3x.png */; };
		BF51629B20870B4200A03BB0 /* github-green@2x.png in Resources */ = {isa = PBXBuildFile; fileRef = BF51629520870B4200A03BB0 /* github-green@2x.png */; };
		BF51629E20870CDE00A03BB0 /* github-gray@2x.png in Resources */ = {isa = PBXBuildFile; fileRef = BF51629C20870CDE00A03BB0 /* github-gray@2x.png */; };
		BF51629F20870CDE00A03BB0 /* github-gray@3x.png in Resources */ = {isa = PBXBuildFile; fileRef = BF51629D20870CDE00A03BB0 /* github-gray@3x.png */; };
/* End PBXBuildFile section */

/* Begin PBXContainerItemProxy section */
		BF5162682086E9C400A03BB0 /* PBXContainerItemProxy */ = {
			isa = PBXContainerItemProxy;
			containerPortal = BF51624B2086E9C200A03BB0 /* Project object */;
			proxyType = 1;
			remoteGlobalIDString = BF5162522086E9C200A03BB0;
			remoteInfo = ChangeAppIcon;
		};
		BF5162732086E9C400A03BB0 /* PBXContainerItemProxy */ = {
			isa = PBXContainerItemProxy;
			containerPortal = BF51624B2086E9C200A03BB0 /* Project object */;
			proxyType = 1;
			remoteGlobalIDString = BF5162522086E9C200A03BB0;
			remoteInfo = ChangeAppIcon;
		};
/* End PBXContainerItemProxy section */

/* Begin PBXFileReference section */
		BF5162532086E9C200A03BB0 /* ChangeAppIcon.app */ = {isa = PBXFileReference; explicitFileType = wrapper.application; includeInIndex = 0; path = ChangeAppIcon.app; sourceTree = BUILT_PRODUCTS_DIR; };
		BF5162562086E9C200A03BB0 /* AppDelegate.swift */ = {isa = PBXFileReference; lastKnownFileType = sourcecode.swift; path = AppDelegate.swift; sourceTree = "<group>"; };
		BF5162582086E9C200A03BB0 /* ViewController.swift */ = {isa = PBXFileReference; lastKnownFileType = sourcecode.swift; path = ViewController.swift; sourceTree = "<group>"; };
		BF51625B2086E9C200A03BB0 /* Base */ = {isa = PBXFileReference; lastKnownFileType = file.storyboard; name = Base; path = Base.lproj/Main.storyboard; sourceTree = "<group>"; };
		BF51625D2086E9C300A03BB0 /* Assets.xcassets */ = {isa = PBXFileReference; lastKnownFileType = folder.assetcatalog; path = Assets.xcassets; sourceTree = "<group>"; };
		BF5162602086E9C300A03BB0 /* Base */ = {isa = PBXFileReference; lastKnownFileType = file.storyboard; name = Base; path = Base.lproj/LaunchScreen.storyboard; sourceTree = "<group>"; };
		BF5162622086E9C300A03BB0 /* Info.plist */ = {isa = PBXFileReference; lastKnownFileType = text.plist.xml; path = Info.plist; sourceTree = "<group>"; };
		BF5162672086E9C400A03BB0 /* ChangeAppIconTests.xctest */ = {isa = PBXFileReference; explicitFileType = wrapper.cfbundle; includeInIndex = 0; path = ChangeAppIconTests.xctest; sourceTree = BUILT_PRODUCTS_DIR; };
		BF51626B2086E9C400A03BB0 /* ChangeAppIconTests.swift */ = {isa = PBXFileReference; lastKnownFileType = sourcecode.swift; path = ChangeAppIconTests.swift; sourceTree = "<group>"; };
		BF51626D2086E9C400A03BB0 /* Info.plist */ = {isa = PBXFileReference; lastKnownFileType = text.plist.xml; path = Info.plist; sourceTree = "<group>"; };
		BF5162722086E9C400A03BB0 /* ChangeAppIconUITests.xctest */ = {isa = PBXFileReference; explicitFileType = wrapper.cfbundle; includeInIndex = 0; path = ChangeAppIconUITests.xctest; sourceTree = BUILT_PRODUCTS_DIR; };
		BF5162762086E9C400A03BB0 /* ChangeAppIconUITests.swift */ = {isa = PBXFileReference; lastKnownFileType = sourcecode.swift; path = ChangeAppIconUITests.swift; sourceTree = "<group>"; };
		BF5162782086E9C400A03BB0 /* Info.plist */ = {isa = PBXFileReference; lastKnownFileType = text.plist.xml; path = Info.plist; sourceTree = "<group>"; };
		BF51629220870B4200A03BB0 /* github-green@3x.png */ = {isa = PBXFileReference; lastKnownFileType = image.png; path = "github-green@3x.png"; sourceTree = "<group>"; };
		BF51629320870B4200A03BB0 /* github-pink@2x.png */ = {isa = PBXFileReference; lastKnownFileType = image.png; path = "github-pink@2x.png"; sourceTree = "<group>"; };
		BF51629420870B4200A03BB0 /* github-pink@3x.png */ = {isa = PBXFileReference; lastKnownFileType = image.png; path = "github-pink@3x.png"; sourceTree = "<group>"; };
		BF51629520870B4200A03BB0 /* github-green@2x.png */ = {isa = PBXFileReference; lastKnownFileType = image.png; path = "github-green@2x.png"; sourceTree = "<group>"; };
		BF51629C20870CDE00A03BB0 /* github-gray@2x.png */ = {isa = PBXFileReference; lastKnownFileType = image.png; path = "github-gray@2x.png"; sourceTree = "<group>"; };
		BF51629D20870CDE00A03BB0 /* github-gray@3x.png */ = {isa = PBXFileReference; lastKnownFileType = image.png; path = "github-gray@3x.png"; sourceTree = "<group>"; };
/* End PBXFileReference section */

/* Begin PBXFrameworksBuildPhase section */
		BF5162502086E9C200A03BB0 /* Frameworks */ = {
			isa = PBXFrameworksBuildPhase;
			buildActionMask = 2147483647;
			files = (
			);
			runOnlyForDeploymentPostprocessing = 0;
		};
		BF5162642086E9C400A03BB0 /* Frameworks */ = {
			isa = PBXFrameworksBuildPhase;
			buildActionMask = 2147483647;
			files = (
			);
			runOnlyForDeploymentPostprocessing = 0;
		};
		BF51626F2086E9C400A03BB0 /* Frameworks */ = {
			isa = PBXFrameworksBuildPhase;
			buildActionMask = 2147483647;
			files = (
			);
			runOnlyForDeploymentPostprocessing = 0;
		};
/* End PBXFrameworksBuildPhase section */

/* Begin PBXGroup section */
		BF51624A2086E9C200A03BB0 = {
			isa = PBXGroup;
			children = (
				BF5162552086E9C200A03BB0 /* ChangeAppIcon */,
				BF51626A2086E9C400A03BB0 /* ChangeAppIconTests */,
				BF5162752086E9C400A03BB0 /* ChangeAppIconUITests */,
				BF5162542086E9C200A03BB0 /* Products */,
			);
			sourceTree = "<group>";
		};
		BF5162542086E9C200A03BB0 /* Products */ = {
			isa = PBXGroup;
			children = (
				BF5162532086E9C200A03BB0 /* ChangeAppIcon.app */,
				BF5162672086E9C400A03BB0 /* ChangeAppIconTests.xctest */,
				BF5162722086E9C400A03BB0 /* ChangeAppIconUITests.xctest */,
			);
			name = Products;
			sourceTree = "<group>";
		};
		BF5162552086E9C200A03BB0 /* ChangeAppIcon */ = {
			isa = PBXGroup;
			children = (
				BF5162562086E9C200A03BB0 /* AppDelegate.swift */,
				BF5162582086E9C200A03BB0 /* ViewController.swift */,
				BF51629C20870CDE00A03BB0 /* github-gray@2x.png */,
				BF51629D20870CDE00A03BB0 /* github-gray@3x.png */,
				BF51629520870B4200A03BB0 /* github-green@2x.png */,
				BF51629220870B4200A03BB0 /* github-green@3x.png */,
				BF51629320870B4200A03BB0 /* github-pink@2x.png */,
				BF51629420870B4200A03BB0 /* github-pink@3x.png */,
				BF51625A2086E9C200A03BB0 /* Main.storyboard */,
				BF51625D2086E9C300A03BB0 /* Assets.xcassets */,
				BF51625F2086E9C300A03BB0 /* LaunchScreen.storyboard */,
				BF5162622086E9C300A03BB0 /* Info.plist */,
			);
			path = ChangeAppIcon;
			sourceTree = "<group>";
		};
		BF51626A2086E9C400A03BB0 /* ChangeAppIconTests */ = {
			isa = PBXGroup;
			children = (
				BF51626B2086E9C400A03BB0 /* ChangeAppIconTests.swift */,
				BF51626D2086E9C400A03BB0 /* Info.plist */,
			);
			path = ChangeAppIconTests;
			sourceTree = "<group>";
		};
		BF5162752086E9C400A03BB0 /* ChangeAppIconUITests */ = {
			isa = PBXGroup;
			children = (
				BF5162762086E9C400A03BB0 /* ChangeAppIconUITests.swift */,
				BF5162782086E9C400A03BB0 /* Info.plist */,
			);
			path = ChangeAppIconUITests;
			sourceTree = "<group>";
		};
/* End PBXGroup section */

/* Begin PBXNativeTarget section */
		BF5162522086E9C200A03BB0 /* ChangeAppIcon */ = {
			isa = PBXNativeTarget;
			buildConfigurationList = BF51627B2086E9C400A03BB0 /* Build configuration list for PBXNativeTarget "ChangeAppIcon" */;
			buildPhases = (
				BF51624F2086E9C200A03BB0 /* Sources */,
				BF5162502086E9C200A03BB0 /* Frameworks */,
				BF5162512086E9C200A03BB0 /* Resources */,
			);
			buildRules = (
			);
			dependencies = (
			);
			name = ChangeAppIcon;
			productName = ChangeAppIcon;
			productReference = BF5162532086E9C200A03BB0 /* ChangeAppIcon.app */;
			productType = "com.apple.product-type.application";
		};
		BF5162662086E9C400A03BB0 /* ChangeAppIconTests */ = {
			isa = PBXNativeTarget;
			buildConfigurationList = BF51627E2086E9C400A03BB0 /* Build configuration list for PBXNativeTarget "ChangeAppIconTests" */;
			buildPhases = (
				BF5162632086E9C400A03BB0 /* Sources */,
				BF5162642086E9C400A03BB0 /* Frameworks */,
				BF5162652086E9C400A03BB0 /* Resources */,
			);
			buildRules = (
			);
			dependencies = (
				BF5162692086E9C400A03BB0 /* PBXTargetDependency */,
			);
			name = ChangeAppIconTests;
			productName = ChangeAppIconTests;
			productReference = BF5162672086E9C400A03BB0 /* ChangeAppIconTests.xctest */;
			productType = "com.apple.product-type.bundle.unit-test";
		};
		BF5162712086E9C400A03BB0 /* ChangeAppIconUITests */ = {
			isa = PBXNativeTarget;
			buildConfigurationList = BF5162812086E9C400A03BB0 /* Build configuration list for PBXNativeTarget "ChangeAppIconUITests" */;
			buildPhases = (
				BF51626E2086E9C400A03BB0 /* Sources */,
				BF51626F2086E9C400A03BB0 /* Frameworks */,
				BF5162702086E9C400A03BB0 /* Resources */,
			);
			buildRules = (
			);
			dependencies = (
				BF5162742086E9C400A03BB0 /* PBXTargetDependency */,
			);
			name = ChangeAppIconUITests;
			productName = ChangeAppIconUITests;
			productReference = BF5162722086E9C400A03BB0 /* ChangeAppIconUITests.xctest */;
			productType = "com.apple.product-type.bundle.ui-testing";
		};
/* End PBXNativeTarget section */

/* Begin PBXProject section */
		BF51624B2086E9C200A03BB0 /* Project object */ = {
			isa = PBXProject;
			attributes = {
				LastSwiftUpdateCheck = 0930;
				LastUpgradeCheck = 0930;
				ORGANIZATIONNAME = 0xa6a;
				TargetAttributes = {
					BF5162522086E9C200A03BB0 = {
						CreatedOnToolsVersion = 9.3;
					};
					BF5162662086E9C400A03BB0 = {
						CreatedOnToolsVersion = 9.3;
						TestTargetID = BF5162522086E9C200A03BB0;
					};
					BF5162712086E9C400A03BB0 = {
						CreatedOnToolsVersion = 9.3;
						TestTargetID = BF5162522086E9C200A03BB0;
					};
				};
			};
			buildConfigurationList = BF51624E2086E9C200A03BB0 /* Build configuration list for PBXProject "ChangeAppIcon" */;
			compatibilityVersion = "Xcode 9.3";
			developmentRegion = en;
			hasScannedForEncodings = 0;
			knownRegions = (
				en,
				Base,
			);
			mainGroup = BF51624A2086E9C200A03BB0;
			productRefGroup = BF5162542086E9C200A03BB0 /* Products */;
			projectDirPath = "";
			projectRoot = "";
			targets = (
				BF5162522086E9C200A03BB0 /* ChangeAppIcon */,
				BF5162662086E9C400A03BB0 /* ChangeAppIconTests */,
				BF5162712086E9C400A03BB0 /* ChangeAppIconUITests */,
			);
		};
/* End PBXProject section */

/* Begin PBXResourcesBuildPhase section */
		BF5162512086E9C200A03BB0 /* Resources */ = {
			isa = PBXResourcesBuildPhase;
			buildActionMask = 2147483647;
			files = (
				BF5162612086E9C300A03BB0 /* LaunchScreen.storyboard in Resources */,
				BF51629F20870CDE00A03BB0 /* github-gray@3x.png in Resources */,
				BF51629B20870B4200A03BB0 /* github-green@2x.png in Resources */,
				BF51629E20870CDE00A03BB0 /* github-gray@2x.png in Resources */,
				BF51629A20870B4200A03BB0 /* github-pink@3x.png in Resources */,
				BF51625E2086E9C300A03BB0 /* Assets.xcassets in Resources */,
				BF51629920870B4200A03BB0 /* github-pink@2x.png in Resources */,
				BF51629820870B4200A03BB0 /* github-green@3x.png in Resources */,
				BF51625C2086E9C200A03BB0 /* Main.storyboard in Resources */,
			);
			runOnlyForDeploymentPostprocessing = 0;
		};
		BF5162652086E9C400A03BB0 /* Resources */ = {
			isa = PBXResourcesBuildPhase;
			buildActionMask = 2147483647;
			files = (
			);
			runOnlyForDeploymentPostprocessing = 0;
		};
		BF5162702086E9C400A03BB0 /* Resources */ = {
			isa = PBXResourcesBuildPhase;
			buildActionMask = 2147483647;
			files = (
			);
			runOnlyForDeploymentPostprocessing = 0;
		};
/* End PBXResourcesBuildPhase section */

/* Begin PBXSourcesBuildPhase section */
		BF51624F2086E9C200A03BB0 /* Sources */ = {
			isa = PBXSourcesBuildPhase;
			buildActionMask = 2147483647;
			files = (
				BF5162592086E9C200A03BB0 /* ViewController.swift in Sources */,
				BF5162572086E9C200A03BB0 /* AppDelegate.swift in Sources */,
			);
			runOnlyForDeploymentPostprocessing = 0;
		};
		BF5162632086E9C400A03BB0 /* Sources */ = {
			isa = PBXSourcesBuildPhase;
			buildActionMask = 2147483647;
			files = (
				BF51626C2086E9C400A03BB0 /* ChangeAppIconTests.swift in Sources */,
			);
			runOnlyForDeploymentPostprocessing = 0;
		};
		BF51626E2086E9C400A03BB0 /* Sources */ = {
			isa = PBXSourcesBuildPhase;
			buildActionMask = 2147483647;
			files = (
				BF5162772086E9C400A03BB0 /* ChangeAppIconUITests.swift in Sources */,
			);
			runOnlyForDeploymentPostprocessing = 0;
		};
/* End PBXSourcesBuildPhase section */

/* Begin PBXTargetDependency section */
		BF5162692086E9C400A03BB0 /* PBXTargetDependency */ = {
			isa = PBXTargetDependency;
			target = BF5162522086E9C200A03BB0 /* ChangeAppIcon */;
			targetProxy = BF5162682086E9C400A03BB0 /* PBXContainerItemProxy */;
		};
		BF5162742086E9C400A03BB0 /* PBXTargetDependency */ = {
			isa = PBXTargetDependency;
			target = BF5162522086E9C200A03BB0 /* ChangeAppIcon */;
			targetProxy = BF5162732086E9C400A03BB0 /* PBXContainerItemProxy */;
		};
/* End PBXTargetDependency section */

/* Begin PBXVariantGroup section */
		BF51625A2086E9C200A03BB0 /* Main.storyboard */ = {
			isa = PBXVariantGroup;
			children = (
				BF51625B2086E9C200A03BB0 /* Base */,
			);
			name = Main.storyboard;
			sourceTree = "<group>";
		};
		BF51625F2086E9C300A03BB0 /* LaunchScreen.storyboard */ = {
			isa = PBXVariantGroup;
			children = (
				BF5162602086E9C300A03BB0 /* Base */,
			);
			name = LaunchScreen.storyboard;
			sourceTree = "<group>";
		};
/* End PBXVariantGroup section */

/* Begin XCBuildConfiguration section */
		BF5162792086E9C400A03BB0 /* Debug */ = {
			isa = XCBuildConfiguration;
			buildSettings = {
				ALWAYS_SEARCH_USER_PATHS = NO;
				CLANG_ANALYZER_NONNULL = YES;
				CLANG_ANALYZER_NUMBER_OBJECT_CONVERSION = YES_AGGRESSIVE;
				CLANG_CXX_LANGUAGE_STANDARD = "gnu++14";
				CLANG_CXX_LIBRARY = "libc++";
				CLANG_ENABLE_MODULES = YES;
				CLANG_ENABLE_OBJC_ARC = YES;
				CLANG_ENABLE_OBJC_WEAK = YES;
				CLANG_WARN_BLOCK_CAPTURE_AUTORELEASING = YES;
				CLANG_WARN_BOOL_CONVERSION = YES;
				CLANG_WARN_COMMA = YES;
				CLANG_WARN_CONSTANT_CONVERSION = YES;
				CLANG_WARN_DEPRECATED_OBJC_IMPLEMENTATIONS = YES;
				CLANG_WARN_DIRECT_OBJC_ISA_USAGE = YES_ERROR;
				CLANG_WARN_DOCUMENTATION_COMMENTS = YES;
				CLANG_WARN_EMPTY_BODY = YES;
				CLANG_WARN_ENUM_CONVERSION = YES;
				CLANG_WARN_INFINITE_RECURSION = YES;
				CLANG_WARN_INT_CONVERSION = YES;
				CLANG_WARN_NON_LITERAL_NULL_CONVERSION = YES;
				CLANG_WARN_OBJC_IMPLICIT_RETAIN_SELF = YES;
				CLANG_WARN_OBJC_LITERAL_CONVERSION = YES;
				CLANG_WARN_OBJC_ROOT_CLASS = YES_ERROR;
				CLANG_WARN_RANGE_LOOP_ANALYSIS = YES;
				CLANG_WARN_STRICT_PROTOTYPES = YES;
				CLANG_WARN_SUSPICIOUS_MOVE = YES;
				CLANG_WARN_UNGUARDED_AVAILABILITY = YES_AGGRESSIVE;
				CLANG_WARN_UNREACHABLE_CODE = YES;
				CLANG_WARN__DUPLICATE_METHOD_MATCH = YES;
				CODE_SIGN_IDENTITY = "iPhone Developer";
				COPY_PHASE_STRIP = NO;
				DEBUG_INFORMATION_FORMAT = dwarf;
				ENABLE_STRICT_OBJC_MSGSEND = YES;
				ENABLE_TESTABILITY = YES;
				GCC_C_LANGUAGE_STANDARD = gnu11;
				GCC_DYNAMIC_NO_PIC = NO;
				GCC_NO_COMMON_BLOCKS = YES;
				GCC_OPTIMIZATION_LEVEL = 0;
				GCC_PREPROCESSOR_DEFINITIONS = (
					"DEBUG=1",
					"$(inherited)",
				);
				GCC_WARN_64_TO_32_BIT_CONVERSION = YES;
				GCC_WARN_ABOUT_RETURN_TYPE = YES_ERROR;
				GCC_WARN_UNDECLARED_SELECTOR = YES;
				GCC_WARN_UNINITIALIZED_AUTOS = YES_AGGRESSIVE;
				GCC_WARN_UNUSED_FUNCTION = YES;
				GCC_WARN_UNUSED_VARIABLE = YES;
				IPHONEOS_DEPLOYMENT_TARGET = 11.3;
				MTL_ENABLE_DEBUG_INFO = YES;
				ONLY_ACTIVE_ARCH = YES;
				SDKROOT = iphoneos;
				SWIFT_ACTIVE_COMPILATION_CONDITIONS = DEBUG;
				SWIFT_OPTIMIZATION_LEVEL = "-Onone";
			};
			name = Debug;
		};
		BF51627A2086E9C400A03BB0 /* Release */ = {
			isa = XCBuildConfiguration;
			buildSettings = {
				ALWAYS_SEARCH_USER_PATHS = NO;
				CLANG_ANALYZER_NONNULL = YES;
				CLANG_ANALYZER_NUMBER_OBJECT_CONVERSION = YES_AGGRESSIVE;
				CLANG_CXX_LANGUAGE_STANDARD = "gnu++14";
				CLANG_CXX_LIBRARY = "libc++";
				CLANG_ENABLE_MODULES = YES;
				CLANG_ENABLE_OBJC_ARC = YES;
				CLANG_ENABLE_OBJC_WEAK = YES;
				CLANG_WARN_BLOCK_CAPTURE_AUTORELEASING = YES;
				CLANG_WARN_BOOL_CONVERSION = YES;
				CLANG_WARN_COMMA = YES;
				CLANG_WARN_CONSTANT_CONVERSION = YES;
				CLANG_WARN_DEPRECATED_OBJC_IMPLEMENTATIONS = YES;
				CLANG_WARN_DIRECT_OBJC_ISA_USAGE = YES_ERROR;
				CLANG_WARN_DOCUMENTATION_COMMENTS = YES;
				CLANG_WARN_EMPTY_BODY = YES;
				CLANG_WARN_ENUM_CONVERSION = YES;
				CLANG_WARN_INFINITE_RECURSION = YES;
				CLANG_WARN_INT_CONVERSION = YES;
				CLANG_WARN_NON_LITERAL_NULL_CONVERSION = YES;
				CLANG_WARN_OBJC_IMPLICIT_RETAIN_SELF = YES;
				CLANG_WARN_OBJC_LITERAL_CONVERSION = YES;
				CLANG_WARN_OBJC_ROOT_CLASS = YES_ERROR;
				CLANG_WARN_RANGE_LOOP_ANALYSIS = YES;
				CLANG_WARN_STRICT_PROTOTYPES = YES;
				CLANG_WARN_SUSPICIOUS_MOVE = YES;
				CLANG_WARN_UNGUARDED_AVAILABILITY = YES_AGGRESSIVE;
				CLANG_WARN_UNREACHABLE_CODE = YES;
				CLANG_WARN__DUPLICATE_METHOD_MATCH = YES;
				CODE_SIGN_IDENTITY = "iPhone Developer";
				COPY_PHASE_STRIP = NO;
				DEBUG_INFORMATION_FORMAT = "dwarf-with-dsym";
				ENABLE_NS_ASSERTIONS = NO;
				ENABLE_STRICT_OBJC_MSGSEND = YES;
				GCC_C_LANGUAGE_STANDARD = gnu11;
				GCC_NO_COMMON_BLOCKS = YES;
				GCC_WARN_64_TO_32_BIT_CONVERSION = YES;
				GCC_WARN_ABOUT_RETURN_TYPE = YES_ERROR;
				GCC_WARN_UNDECLARED_SELECTOR = YES;
				GCC_WARN_UNINITIALIZED_AUTOS = YES_AGGRESSIVE;
				GCC_WARN_UNUSED_FUNCTION = YES;
				GCC_WARN_UNUSED_VARIABLE = YES;
				IPHONEOS_DEPLOYMENT_TARGET = 11.3;
				MTL_ENABLE_DEBUG_INFO = NO;
				SDKROOT = iphoneos;
				SWIFT_COMPILATION_MODE = wholemodule;
				SWIFT_OPTIMIZATION_LEVEL = "-O";
				VALIDATE_PRODUCT = YES;
			};
			name = Release;
		};
		BF51627C2086E9C400A03BB0 /* Debug */ = {
			isa = XCBuildConfiguration;
			buildSettings = {
				ASSETCATALOG_COMPILER_APPICON_NAME = AppIcon;
				CODE_SIGN_STYLE = Automatic;
				DEVELOPMENT_TEAM = 8CB3KXC98M;
				INFOPLIST_FILE = ChangeAppIcon/Info.plist;
				IPHONEOS_DEPLOYMENT_TARGET = 11.0;
				LD_RUNPATH_SEARCH_PATHS = (
					"$(inherited)",
					"@executable_path/Frameworks",
				);
				PRODUCT_BUNDLE_IDENTIFIER = com.huishoubao.demo;
				PRODUCT_NAME = "$(TARGET_NAME)";
				SWIFT_VERSION = 4.0;
				TARGETED_DEVICE_FAMILY = 1;
			};
			name = Debug;
		};
		BF51627D2086E9C400A03BB0 /* Release */ = {
			isa = XCBuildConfiguration;
			buildSettings = {
				ASSETCATALOG_COMPILER_APPICON_NAME = AppIcon;
				CODE_SIGN_STYLE = Automatic;
				DEVELOPMENT_TEAM = 8CB3KXC98M;
				INFOPLIST_FILE = ChangeAppIcon/Info.plist;
				IPHONEOS_DEPLOYMENT_TARGET = 11.0;
				LD_RUNPATH_SEARCH_PATHS = (
					"$(inherited)",
					"@executable_path/Frameworks",
				);
				PRODUCT_BUNDLE_IDENTIFIER = com.huishoubao.demo;
				PRODUCT_NAME = "$(TARGET_NAME)";
				SWIFT_VERSION = 4.0;
				TARGETED_DEVICE_FAMILY = 1;
			};
			name = Release;
		};
		BF51627F2086E9C400A03BB0 /* Debug */ = {
			isa = XCBuildConfiguration;
			buildSettings = {
				ALWAYS_EMBED_SWIFT_STANDARD_LIBRARIES = YES;
				BUNDLE_LOADER = "$(TEST_HOST)";
				CODE_SIGN_STYLE = Automatic;
				INFOPLIST_FILE = ChangeAppIconTests/Info.plist;
				LD_RUNPATH_SEARCH_PATHS = (
					"$(inherited)",
					"@executable_path/Frameworks",
					"@loader_path/Frameworks",
				);
				PRODUCT_BUNDLE_IDENTIFIER = "-xa6a.ChangeAppIconTests";
				PRODUCT_NAME = "$(TARGET_NAME)";
				SWIFT_VERSION = 4.0;
				TARGETED_DEVICE_FAMILY = "1,2";
				TEST_HOST = "$(BUILT_PRODUCTS_DIR)/ChangeAppIcon.app/ChangeAppIcon";
			};
			name = Debug;
		};
		BF5162802086E9C400A03BB0 /* Release */ = {
			isa = XCBuildConfiguration;
			buildSettings = {
				ALWAYS_EMBED_SWIFT_STANDARD_LIBRARIES = YES;
				BUNDLE_LOADER = "$(TEST_HOST)";
				CODE_SIGN_STYLE = Automatic;
				INFOPLIST_FILE = ChangeAppIconTests/Info.plist;
				LD_RUNPATH_SEARCH_PATHS = (
					"$(inherited)",
					"@executable_path/Frameworks",
					"@loader_path/Frameworks",
				);
				PRODUCT_BUNDLE_IDENTIFIER = "-xa6a.ChangeAppIconTests";
				PRODUCT_NAME = "$(TARGET_NAME)";
				SWIFT_VERSION = 4.0;
				TARGETED_DEVICE_FAMILY = "1,2";
				TEST_HOST = "$(BUILT_PRODUCTS_DIR)/ChangeAppIcon.app/ChangeAppIcon";
			};
			name = Release;
		};
		BF5162822086E9C400A03BB0 /* Debug */ = {
			isa = XCBuildConfiguration;
			buildSettings = {
				ALWAYS_EMBED_SWIFT_STANDARD_LIBRARIES = YES;
				CODE_SIGN_STYLE = Automatic;
				INFOPLIST_FILE = ChangeAppIconUITests/Info.plist;
				LD_RUNPATH_SEARCH_PATHS = (
					"$(inherited)",
					"@executable_path/Frameworks",
					"@loader_path/Frameworks",
				);
				PRODUCT_BUNDLE_IDENTIFIER = "-xa6a.ChangeAppIconUITests";
				PRODUCT_NAME = "$(TARGET_NAME)";
				SWIFT_VERSION = 4.0;
				TARGETED_DEVICE_FAMILY = "1,2";
				TEST_TARGET_NAME = ChangeAppIcon;
			};
			name = Debug;
		};
		BF5162832086E9C400A03BB0 /* Release */ = {
			isa = XCBuildConfiguration;
			buildSettings = {
				ALWAYS_EMBED_SWIFT_STANDARD_LIBRARIES = YES;
				CODE_SIGN_STYLE = Automatic;
				INFOPLIST_FILE = ChangeAppIconUITests/Info.plist;
				LD_RUNPATH_SEARCH_PATHS = (
					"$(inherited)",
					"@executable_path/Frameworks",
					"@loader_path/Frameworks",
				);
				PRODUCT_BUNDLE_IDENTIFIER = "-xa6a.ChangeAppIconUITests";
				PRODUCT_NAME = "$(TARGET_NAME)";
				SWIFT_VERSION = 4.0;
				TARGETED_DEVICE_FAMILY = "1,2";
				TEST_TARGET_NAME = ChangeAppIcon;
			};
			name = Release;
		};
/* End XCBuildConfiguration section */

/* Begin XCConfigurationList section */
		BF51624E2086E9C200A03BB0 /* Build configuration list for PBXProject "ChangeAppIcon" */ = {
			isa = XCConfigurationList;
			buildConfigurations = (
				BF5162792086E9C400A03BB0 /* Debug */,
				BF51627A2086E9C400A03BB0 /* Release */,
			);
			defaultConfigurationIsVisible = 0;
			defaultConfigurationName = Release;
		};
		BF51627B2086E9C400A03BB0 /* Build configuration list for PBXNativeTarget "ChangeAppIcon" */ = {
			isa = XCConfigurationList;
			buildConfigurations = (
				BF51627C2086E9C400A03BB0 /* Debug */,
				BF51627D2086E9C400A03BB0 /* Release */,
			);
			defaultConfigurationIsVisible = 0;
			defaultConfigurationName = Release;
		};
		BF51627E2086E9C400A03BB0 /* Build configuration list for PBXNativeTarget "ChangeAppIconTests" */ = {
			isa = XCConfigurationList;
			buildConfigurations = (
				BF51627F2086E9C400A03BB0 /* Debug */,
				BF5162802086E9C400A03BB0 /* Release */,
			);
			defaultConfigurationIsVisible = 0;
			defaultConfigurationName = Release;
		};
		BF5162812086E9C400A03BB0 /* Build configuration list for PBXNativeTarget "ChangeAppIconUITests" */ = {
			isa = XCConfigurationList;
			buildConfigurations = (
				BF5162822086E9C400A03BB0 /* Debug */,
				BF5162832086E9C400A03BB0 /* Release */,
			);
			defaultConfigurationIsVisible = 0;
			defaultConfigurationName = Release;
		};
/* End XCConfigurationList section */
	};
	rootObject = BF51624B2086E9C200A03BB0 /* Project object */;
}
